
Microsoft Visual Studio Solution File, Format Version 12.00
# Visual Studio Version 17
VisualStudioVersion = 17.14.37216.2
MinimumVisualStudioVersion = 10.0.40219.1
Project("{FAE04EC0-301F-11D3-BF4B-00C04F79EFBC}") = "ProFighter.Domain", "ProFighter.Domain\ProFighter.Domain.csproj", "{5D6EDDA6-B9F4-47DD-B059-DC40E5076B26}"
EndProject
Project("{FAE04EC0-301F-11D3-BF4B-00C04F79EFBC}") = "ProFighter.Infrastructure", "ProFighter.Infrastructure\ProFighter.Infrastructure.csproj", "{0CD22B82-D380-48DF-BB8B-0FFAF1C4FBFF}"
EndProject
Project("{FAE04EC0-301F-11D3-BF4B-00C04F79EFBC}") = "ProFighter.Application", "ProFighter.Application\ProFighter.Application.csproj", "{384F74B5-DC16-43AC-841F-3C60572481C7}"
EndProject
Project("{FAE04EC0-301F-11D3-BF4B-00C04F79EFBC}") = "ProFighter.API", "ProFighter.API\ProFighter.API.csproj", "{71214091-917F-4BF9-80C2-D8EEFF251619}"
EndProject
Global
	GlobalSection(SolutionConfigurationPlatforms) = preSolution
		Debug|Any CPU = Debug|Any CPU
		Release|Any CPU = Release|Any CPU
	EndGlobalSection
	GlobalSection(ProjectConfigurationPlatforms) = postSolution
		{5D6EDDA6-B9F4-47DD-B059-DC40E5076B26}.Debug|Any CPU.ActiveCfg = Debug|Any CPU
		{5D6EDDA6-B9F4-47DD-B059-DC40E5076B26}.Debug|Any CPU.Build.0 = Debug|Any CPU
		{5D6EDDA6-B9F4-47DD-B059-DC40E5076B26}.Release|Any CPU.ActiveCfg = Release|Any CPU
		{5D6EDDA6-B9F4-47DD-B059-DC40E5076B26}.Release|Any CPU.Build.0 = Release|Any CPU
		{0CD22B82-D380-48DF-BB8B-0FFAF1C4FBFF}.Debug|Any CPU.ActiveCfg = Debug|Any CPU
		{0CD22B82-D380-48DF-BB8B-0FFAF1C4FBFF}.Debug|Any CPU.Build.0 = Debug|Any CPU
		{0CD22B82-D380-48DF-BB8B-0FFAF1C4FBFF}.Release|Any CPU.ActiveCfg = Release|Any CPU
		{0CD22B82-D380-48DF-BB8B-0FFAF1C4FBFF}.Release|Any CPU.Build.0 = Release|Any CPU
		{384F74B5-DC16-43AC-841F-3C60572481C7}.Debug|Any CPU.ActiveCfg = Debug|Any CPU
		{384F74B5-DC16-43AC-841F-3C60572481C7}.Debug|Any CPU.Build.0 = Debug|Any CPU
		{384F74B5-DC16-43AC-841F-3C60572481C7}.Release|Any CPU.ActiveCfg = Release|Any CPU
		{384F74B5-DC16-43AC-841F-3C60572481C7}.Release|Any CPU.Build.0 = Release|Any CPU
		{71214091-917F-4BF9-80C2-D8EEFF251619}.Debug|Any CPU.ActiveCfg = Debug|Any CPU
		{71214091-917F-4BF9-80C2-D8EEFF251619}.Debug|Any CPU.Build.0 = Debug|Any CPU
		{71214091-917F-4BF9-80C2-D8EEFF251619}.Release|Any CPU.ActiveCfg = Release|Any CPU
		{71214091-917F-4BF9-80C2-D8EEFF251619}.Release|Any CPU.Build.0 = Release|Any CPU
	EndGlobalSection
	GlobalSection(SolutionProperties) = preSolution
		HideSolutionNode = FALSE
	EndGlobalSection
	GlobalSection(ExtensibilityGlobals) = postSolution
		SolutionGuid = {BFA912A8-95AF-4AD7-8FD0-CBD4E2070B31}
	EndGlobalSection
EndGlobal
